
Microsoft Visual Studio Solution File, Format Version 12.00
# Visual Studio Version 16
VisualStudioVersion = 16.0.31515.178
MinimumVisualStudioVersion = 10.0.40219.1
Project("{FAE04EC0-301F-11D3-BF4B-00C04F79EFBC}") = "LibraryAdministration", "LibraryAdministration\LibraryAdministration.csproj", "{58A89B93-6760-4C03-9366-A4BB9B1479F7}"
EndProject
Global
	GlobalSection(SolutionConfigurationPlatforms) = preSolution
		Debug|Any CPU = Debug|Any CPU
		Release|Any CPU = Release|Any CPU
	EndGlobalSection
	GlobalSection(ProjectConfigurationPlatforms) = postSolution
		{58A89B93-6760-4C03-9366-A4BB9B1479F7}.Debug|Any CPU.ActiveCfg = Debug|Any CPU
		{58A89B93-6760-4C03-9366-A4BB9B1479F7}.Debug|Any CPU.Build.0 = Debug|Any CPU
		{58A89B93-6760-4C03-9366-A4BB9B1479F7}.Release|Any CPU.ActiveCfg = Release|Any CPU
		{58A89B93-6760-4C03-9366-A4BB9B1479F7}.Release|Any CPU.Build.0 = Release|Any CPU
	EndGlobalSection
	GlobalSection(SolutionProperties) = preSolution
		HideSolutionNode = FALSE
	EndGlobalSection
	GlobalSection(ExtensibilityGlobals) = postSolution
		SolutionGuid = {51B9689B-B04A-4035-91B4-6EF00EAA1294}
	EndGlobalSection
EndGlobal
